<?xml version="1.0" encoding="utf-8"?>
<Project ToolsVersion="4.0" xmlns="http://schemas.microsoft.com/developer/msbuild/2003">
  <ItemGroup>
    <Filter Include="Source Files">
      <UniqueIdentifier>{4FC737F1-C7A5-4376-A066-2A32D752A2FF}</UniqueIdentifier>
      <Extensions>cpp;c;cc;cxx;def;odl;idl;hpj;bat;asm;asmx</Extensions>
    </Filter>
    <Filter Include="Header Files">
      <UniqueIdentifier>{93995380-89BD-4b04-88EB-625FBE52EBFB}</UniqueIdentifier>
      <Extensions>h;hh;hpp;hxx;hm;inl;inc;xsd</Extensions>
    </Filter>
    <Filter Include="Shaders">
      <UniqueIdentifier>{f9e8d06b-dd7b-438c-8366-5dabd553fb21}</UniqueIdentifier>
    </Filter>
    <Filter Include="Structs">
      <UniqueIdentifier>{a39241bb-311d-478f-8744-97d4910e1c02}</UniqueIdentifier>
    </Filter>
    <Filter Include="Shaders\DefferedShaders">
      <UniqueIdentifier>{e454059a-7914-44e4-bf40-de93d172936b}</UniqueIdentifier>
    </Filter>
    <Filter Include="Shaders\ForwardShaders">
      <UniqueIdentifier>{1181fb11-9680-4e4b-8bf8-b4e76f622d43}</UniqueIdentifier>
    </Filter>
    <Filter Include="Shaders\PostProcessShaders">
      <UniqueIdentifier>{bb241e18-d416-4e7d-afa6-c8873f8b95f3}</UniqueIdentifier>
    </Filter>
    <Filter Include="Shaders\SkyBoxShaders">
      <UniqueIdentifier>{de7d775d-3cce-4175-80ae-28e38338189d}</UniqueIdentifier>
    </Filter>
    <Filter Include="Scenes">
      <UniqueIdentifier>{11e9ed83-262e-4c88-95db-d144a32c91cf}</UniqueIdentifier>
    </Filter>
    <Filter Include="Scenes\Tyrian2000">
      <UniqueIdentifier>{6fc3ec28-92bb-466f-a0b6-167dad6ff8a0}</UniqueIdentifier>
    </Filter>
    <Filter Include="Scenes\DefaultScene">
      <UniqueIdentifier>{542b6c6e-3d2a-4ad7-a652-d836b1d925d0}</UniqueIdentifier>
    </Filter>
    <Filter Include="Scenes\Scene1">
      <UniqueIdentifier>{d1c26fce-8792-40c1-9c98-c1ffcff79e3d}</UniqueIdentifier>
    </Filter>
    <Filter Include="Scenes\Scene2">
      <UniqueIdentifier>{ac63ccf2-60dc-4340-8c97-7f624d76edcb}</UniqueIdentifier>
    </Filter>
    <Filter Include="Scenes\DefaultScene\Header">
      <UniqueIdentifier>{9c2713d2-5a76-486e-b8a1-88fbd301af3a}</UniqueIdentifier>
    </Filter>
    <Filter Include="Scenes\DefaultScene\Source">
      <UniqueIdentifier>{609c9656-e761-4d74-8592-69c3a5da7faf}</UniqueIdentifier>
    </Filter>
    <Filter Include="Scenes\Scene2\Header">
      <UniqueIdentifier>{abd96790-4c80-4ae5-b2e6-f33e7d741426}</UniqueIdentifier>
    </Filter>
    <Filter Include="Scenes\Scene2\Source">
      <UniqueIdentifier>{533a280b-06f0-4752-be7c-ffbe9bfb29cb}</UniqueIdentifier>
    </Filter>
    <Filter Include="Scenes\Tyrian2000\Header">
      <UniqueIdentifier>{d2b81bed-0f82-4a9b-b0a1-b2a74ccc53b5}</UniqueIdentifier>
    </Filter>
    <Filter Include="Scenes\Tyrian2000\Source">
      <UniqueIdentifier>{7d5921c8-9b7e-40df-ae73-efd9b9c3a74e}</UniqueIdentifier>
    </Filter>
    <Filter Include="Scenes\Scene1\Header">
      <UniqueIdentifier>{3345697d-cf6f-4a92-909a-365ee54ba576}</UniqueIdentifier>
    </Filter>
    <Filter Include="Scenes\Scene1\Source">
      <UniqueIdentifier>{c9861956-3298-4a44-af11-5dade1f0ad84}</UniqueIdentifier>
    </Filter>
  </ItemGroup>
  <ItemGroup>
    <ClCompile Include="DXCore.cpp">
      <Filter>Source Files</Filter>
    </ClCompile>
    <ClCompile Include="Main.cpp">
      <Filter>Source Files</Filter>
    </ClCompile>
    <ClCompile Include="SimpleShader.cpp">
      <Filter>Source Files</Filter>
    </ClCompile>
    <ClCompile Include="Mesh.cpp">
      <Filter>Source Files</Filter>
    </ClCompile>
    <ClCompile Include="GameEntity.cpp">
      <Filter>Source Files</Filter>
    </ClCompile>
    <ClCompile Include="Renderer.cpp">
      <Filter>Source Files</Filter>
    </ClCompile>
    <ClCompile Include="Camera.cpp">
      <Filter>Source Files</Filter>
    </ClCompile>
    <ClCompile Include="CosmicEngine.cpp">
      <Filter>Source Files</Filter>
    </ClCompile>
    <ClCompile Include="AssetManager.cpp">
      <Filter>Source Files</Filter>
    </ClCompile>
    <ClCompile Include="CosmicPhysic.cpp">
      <Filter>Source Files</Filter>
    </ClCompile>
    <ClCompile Include="Animation.cpp">
      <Filter>Source Files</Filter>
    </ClCompile>
    <ClCompile Include="Scene.cpp">
      <Filter>Scenes\Scene1\Source</Filter>
    </ClCompile>
    <ClCompile Include="Tyrian2000.cpp">
      <Filter>Scenes\Tyrian2000\Source</Filter>
    </ClCompile>
    <ClCompile Include="Scene2.cpp">
      <Filter>Scenes\Scene2\Source</Filter>
    </ClCompile>
    <ClCompile Include="DefaultScene.cpp">
      <Filter>Scenes\DefaultScene\Source</Filter>
    </ClCompile>
    <ClCompile Include="Player.cpp">
      <Filter>Scenes\Tyrian2000\Source</Filter>
    </ClCompile>
    <ClCompile Include="Bullet.cpp">
      <Filter>Scenes\Tyrian2000\Source</Filter>
    </ClCompile>
    <ClCompile Include="BackGroundTiles.cpp">
      <Filter>Scenes\Tyrian2000\Source</Filter>
    </ClCompile>
  </ItemGroup>
  <ItemGroup>
    <ClInclude Include="DXCore.h">
      <Filter>Header Files</Filter>
    </ClInclude>
    <ClInclude Include="Game.h">
      <Filter>Header Files</Filter>
    </ClInclude>
    <ClInclude Include="SimpleShader.h">
      <Filter>Header Files</Filter>
    </ClInclude>
    <ClInclude Include="Mesh.h">
      <Filter>Header Files</Filter>
    </ClInclude>
    <ClInclude Include="GameEntity.h">
      <Filter>Header Files</Filter>
    </ClInclude>
    <ClInclude Include="Renderer.h">
      <Filter>Header Files</Filter>
    </ClInclude>
    <ClInclude Include="Camera.h">
      <Filter>Header Files</Filter>
    </ClInclude>
    <ClInclude Include="Vertex.h">
      <Filter>Structs</Filter>
    </ClInclude>
    <ClInclude Include="Transform.h">
      <Filter>Structs</Filter>
    </ClInclude>
    <ClInclude Include="RigidBody.h">
      <Filter>Structs</Filter>
    </ClInclude>
    <ClInclude Include="RenderingComponent.h">
      <Filter>Structs</Filter>
    </ClInclude>
    <ClInclude Include="InstanceData.h">
      <Filter>Structs</Filter>
    </ClInclude>
    <ClInclude Include="Light.h">
      <Filter>Structs</Filter>
    </ClInclude>
    <ClInclude Include="CosmicEngine.h">
      <Filter>Header Files</Filter>
    </ClInclude>
    <ClInclude Include="Material.h">
      <Filter>Structs</Filter>
    </ClInclude>
    <ClInclude Include="AssetManager.h">
      <Filter>Header Files</Filter>
    </ClInclude>
    <ClInclude Include="Collider.h">
      <Filter>Structs</Filter>
    </ClInclude>
    <ClInclude Include="CosmicPhysic.h">
      <Filter>Header Files</Filter>
    </ClInclude>
    <ClInclude Include="Animation.h">
      <Filter>Header Files</Filter>
    </ClInclude>
    <ClInclude Include="AnimationData.h">
      <Filter>Structs</Filter>
    </ClInclude>
    <ClInclude Include="Scene.h">
      <Filter>Scenes\Scene1\Header</Filter>
    </ClInclude>
    <ClInclude Include="Tyrian2000.h">
      <Filter>Scenes\Tyrian2000\Header</Filter>
    </ClInclude>
    <ClInclude Include="Scene2.h">
      <Filter>Scenes\Scene2\Header</Filter>
    </ClInclude>
    <ClInclude Include="DefaultScene.h">
      <Filter>Scenes\DefaultScene\Header</Filter>
    </ClInclude>
    <ClInclude Include="Player.h">
      <Filter>Scenes\Tyrian2000\Header</Filter>
    </ClInclude>
    <ClInclude Include="Bullet.h">
      <Filter>Scenes\Tyrian2000\Header</Filter>
    </ClInclude>
    <ClInclude Include="BackGroundTiles.h">
      <Filter>Scenes\Tyrian2000\Header</Filter>
    </ClInclude>
  </ItemGroup>
  <ItemGroup>
    <FxCompile Include="Shaders\DefferedShaders\InstanceDVShader.hlsl">
      <Filter>Shaders\DefferedShaders</Filter>
    </FxCompile>
    <FxCompile Include="Shaders\DefferedShaders\PixelDShader.hlsl">
      <Filter>Shaders\DefferedShaders</Filter>
    </FxCompile>
    <FxCompile Include="Shaders\DefferedShaders\VertexDShader.hlsl">
      <Filter>Shaders\DefferedShaders</Filter>
    </FxCompile>
    <FxCompile Include="Shaders\ForwardShaders\InstanceFVShader.hlsl">
      <Filter>Shaders\ForwardShaders</Filter>
    </FxCompile>
    <FxCompile Include="Shaders\ForwardShaders\PixelFShader.hlsl">
      <Filter>Shaders\ForwardShaders</Filter>
    </FxCompile>
    <FxCompile Include="Shaders\ForwardShaders\VertexFShader.hlsl">
      <Filter>Shaders\ForwardShaders</Filter>
    </FxCompile>
    <FxCompile Include="Shaders\SkyBoxShaders\SkyPShader.hlsl">
      <Filter>Shaders\SkyBoxShaders</Filter>
    </FxCompile>
    <FxCompile Include="Shaders\SkyBoxShaders\SkyVShader.hlsl">
      <Filter>Shaders\SkyBoxShaders</Filter>
    </FxCompile>
    <FxCompile Include="Shaders\PostProcessShaders\BloomPShader.hlsl">
      <Filter>Shaders\PostProcessShaders</Filter>
    </FxCompile>
    <FxCompile Include="Shaders\PostProcessShaders\HdrPShader.hlsl">
      <Filter>Shaders\PostProcessShaders</Filter>
    </FxCompile>
    <FxCompile Include="Shaders\PostProcessShaders\QuadVShader.hlsl">
      <Filter>Shaders\PostProcessShaders</Filter>
    </FxCompile>
    <FxCompile Include="Shaders\DefferedShaders\PLightingShader.hlsl">
      <Filter>Shaders\DefferedShaders</Filter>
    </FxCompile>
    <FxCompile Include="Shaders\ForwardShaders\PixelFSNShader.hlsl">
      <Filter>Shaders\ForwardShaders</Filter>
    </FxCompile>
    <FxCompile Include="Shaders\ForwardShaders\PixelFSShader.hlsl">
      <Filter>Shaders\ForwardShaders</Filter>
    </FxCompile>
  </ItemGroup>
  <ItemGroup>
    <None Include="packages.config" />
  </ItemGroup>
</Project>